{
  "name": "saturnapp",
  "version": "1.0.0",
  "lockfileVersion": 1,
  "requires": true,
  "dependencies": {
    "fable-compiler": {
      "version": "2.1.8",
      "resolved": "https://registry.npmjs.org/fable-compiler/-/fable-compiler-2.1.8.tgz",
      "integrity": "sha512-/QE2Irq7lET2jJEQtq49cUKUAxnoIBCi1oMURTCl0rYiZxQX2p199vQ8aTqthDYQ1tOA1TTXVIvj7YjO6c7Kew=="
    },
    "fable-core": {
      "version": "0.7.30",
      "resolved": "https://registry.npmjs.org/fable-core/-/fable-core-0.7.30.tgz",
      "integrity": "sha1-8F4nsmrcHyxtt+b+NG8KDptLe2g="
    }
  }
}
