Microsoft Visual Studio Solution File, Format Version 12.00
# Visual Studio 15
VisualStudioVersion = 15.0.27004.2009
MinimumVisualStudioVersion = 15.0.26124.0
Project("{2150E333-8FDC-42A3-9474-1A3956D46DE8}") = "src", "src", "{2364C03F-7BCF-4E5A-9720-95991959E582}"
EndProject
Project("{6EC3EE1D-3C4E-46DD-8F32-0CC8E7565705}") = "Template.Saturn.WebHost", "src\Template.Saturn.WebHost\Template.Saturn.WebHost.fsproj", "{EF178058-7006-4ED9-8268-912C3638A81C}"
EndProject
Project("{6EC3EE1D-3C4E-46DD-8F32-0CC8E7565705}") = "Migrations", "src\Migrations\Migrations.fsproj", "{99166CAE-99E9-4F34-A421-48C69C84CB4C}"
EndProject
Project("{F2A71F9B-5D33-465A-A702-920D77279786}") = "Template.Saturn.Core", "src\Template.Saturn.Core\Template.Saturn.Core.fsproj", "{9D8B8D30-474D-4C8D-816E-A42B68C1CE09}"
EndProject
Project("{F2A71F9B-5D33-465A-A702-920D77279786}") = "Template.Saturn.Infrastructure", "src\Template.Saturn.Infrastructure\Template.Saturn.Infrastructure.fsproj", "{5AEFD2ED-49EB-4446-AA72-6AEBA4B1AD0A}"
EndProject
Project("{2150E333-8FDC-42A3-9474-1A3956D46DE8}") = "build", "build", "{A712380B-85A8-40F0-9623-B02C0E086CA2}"
	ProjectSection(SolutionItems) = preProject
		build.cmd = build.cmd
		build.fsx = build.fsx
		build.sh = build.sh
		global.json = global.json
		paket.dependencies = paket.dependencies
		paket.lock = paket.lock
		README.md = README.md
	EndProjectSection
EndProject
Project("{2150E333-8FDC-42A3-9474-1A3956D46DE8}") = "tests", "tests", "{91028100-D8E3-447A-B507-D9279940731C}"
EndProject
Project("{F2A71F9B-5D33-465A-A702-920D77279786}") = "Template.Saturn.Core.Tests", "src\Template.Saturn.Core.Tests\Template.Saturn.Core.Tests.fsproj", "{1C7DF573-EB59-4898-884C-47B7092773E8}"
EndProject
Project("{F2A71F9B-5D33-465A-A702-920D77279786}") = "Template.Saturn.Infrastructure.Tests", "src\Template.Saturn.Infrastructure.Tests\Template.Saturn.Infrastructure.Tests.fsproj", "{89AB0D7A-608D-4E6E-9315-F673C14D03A0}"
EndProject
Global
	GlobalSection(SolutionConfigurationPlatforms) = preSolution
		Debug|Any CPU = Debug|Any CPU
		Debug|x64 = Debug|x64
		Debug|x86 = Debug|x86
		Release|Any CPU = Release|Any CPU
		Release|x64 = Release|x64
		Release|x86 = Release|x86
	EndGlobalSection
	GlobalSection(ProjectConfigurationPlatforms) = postSolution
		{EF178058-7006-4ED9-8268-912C3638A81C}.Debug|Any CPU.ActiveCfg = Debug|Any CPU
		{EF178058-7006-4ED9-8268-912C3638A81C}.Debug|Any CPU.Build.0 = Debug|Any CPU
		{EF178058-7006-4ED9-8268-912C3638A81C}.Debug|x64.ActiveCfg = Debug|Any CPU
		{EF178058-7006-4ED9-8268-912C3638A81C}.Debug|x64.Build.0 = Debug|Any CPU
		{EF178058-7006-4ED9-8268-912C3638A81C}.Debug|x86.ActiveCfg = Debug|Any CPU
		{EF178058-7006-4ED9-8268-912C3638A81C}.Debug|x86.Build.0 = Debug|Any CPU
		{EF178058-7006-4ED9-8268-912C3638A81C}.Release|Any CPU.ActiveCfg = Release|Any CPU
		{EF178058-7006-4ED9-8268-912C3638A81C}.Release|Any CPU.Build.0 = Release|Any CPU
		{EF178058-7006-4ED9-8268-912C3638A81C}.Release|x64.ActiveCfg = Release|Any CPU
		{EF178058-7006-4ED9-8268-912C3638A81C}.Release|x64.Build.0 = Release|Any CPU
		{EF178058-7006-4ED9-8268-912C3638A81C}.Release|x86.ActiveCfg = Release|Any CPU
		{EF178058-7006-4ED9-8268-912C3638A81C}.Release|x86.Build.0 = Release|Any CPU
		{99166CAE-99E9-4F34-A421-48C69C84CB4C}.Debug|Any CPU.ActiveCfg = Debug|Any CPU
		{99166CAE-99E9-4F34-A421-48C69C84CB4C}.Debug|Any CPU.Build.0 = Debug|Any CPU
		{99166CAE-99E9-4F34-A421-48C69C84CB4C}.Debug|x64.ActiveCfg = Debug|Any CPU
		{99166CAE-99E9-4F34-A421-48C69C84CB4C}.Debug|x64.Build.0 = Debug|Any CPU
		{99166CAE-99E9-4F34-A421-48C69C84CB4C}.Debug|x86.ActiveCfg = Debug|Any CPU
		{99166CAE-99E9-4F34-A421-48C69C84CB4C}.Debug|x86.Build.0 = Debug|Any CPU
		{99166CAE-99E9-4F34-A421-48C69C84CB4C}.Release|Any CPU.ActiveCfg = Release|Any CPU
		{99166CAE-99E9-4F34-A421-48C69C84CB4C}.Release|Any CPU.Build.0 = Release|Any CPU
		{99166CAE-99E9-4F34-A421-48C69C84CB4C}.Release|x64.ActiveCfg = Release|Any CPU
		{99166CAE-99E9-4F34-A421-48C69C84CB4C}.Release|x64.Build.0 = Release|Any CPU
		{99166CAE-99E9-4F34-A421-48C69C84CB4C}.Release|x86.ActiveCfg = Release|Any CPU
		{99166CAE-99E9-4F34-A421-48C69C84CB4C}.Release|x86.Build.0 = Release|Any CPU
		{9D8B8D30-474D-4C8D-816E-A42B68C1CE09}.Debug|Any CPU.ActiveCfg = Debug|Any CPU
		{9D8B8D30-474D-4C8D-816E-A42B68C1CE09}.Debug|Any CPU.Build.0 = Debug|Any CPU
		{9D8B8D30-474D-4C8D-816E-A42B68C1CE09}.Debug|x64.ActiveCfg = Debug|Any CPU
		{9D8B8D30-474D-4C8D-816E-A42B68C1CE09}.Debug|x64.Build.0 = Debug|Any CPU
		{9D8B8D30-474D-4C8D-816E-A42B68C1CE09}.Debug|x86.ActiveCfg = Debug|Any CPU
		{9D8B8D30-474D-4C8D-816E-A42B68C1CE09}.Debug|x86.Build.0 = Debug|Any CPU
		{9D8B8D30-474D-4C8D-816E-A42B68C1CE09}.Release|Any CPU.ActiveCfg = Release|Any CPU
		{9D8B8D30-474D-4C8D-816E-A42B68C1CE09}.Release|Any CPU.Build.0 = Release|Any CPU
		{9D8B8D30-474D-4C8D-816E-A42B68C1CE09}.Release|x64.ActiveCfg = Release|Any CPU
		{9D8B8D30-474D-4C8D-816E-A42B68C1CE09}.Release|x64.Build.0 = Release|Any CPU
		{9D8B8D30-474D-4C8D-816E-A42B68C1CE09}.Release|x86.ActiveCfg = Release|Any CPU
		{9D8B8D30-474D-4C8D-816E-A42B68C1CE09}.Release|x86.Build.0 = Release|Any CPU
		{5AEFD2ED-49EB-4446-AA72-6AEBA4B1AD0A}.Debug|Any CPU.ActiveCfg = Debug|Any CPU
		{5AEFD2ED-49EB-4446-AA72-6AEBA4B1AD0A}.Debug|Any CPU.Build.0 = Debug|Any CPU
		{5AEFD2ED-49EB-4446-AA72-6AEBA4B1AD0A}.Debug|x64.ActiveCfg = Debug|Any CPU
		{5AEFD2ED-49EB-4446-AA72-6AEBA4B1AD0A}.Debug|x64.Build.0 = Debug|Any CPU
		{5AEFD2ED-49EB-4446-AA72-6AEBA4B1AD0A}.Debug|x86.ActiveCfg = Debug|Any CPU
		{5AEFD2ED-49EB-4446-AA72-6AEBA4B1AD0A}.Debug|x86.Build.0 = Debug|Any CPU
		{5AEFD2ED-49EB-4446-AA72-6AEBA4B1AD0A}.Release|Any CPU.ActiveCfg = Release|Any CPU
		{5AEFD2ED-49EB-4446-AA72-6AEBA4B1AD0A}.Release|Any CPU.Build.0 = Release|Any CPU
		{5AEFD2ED-49EB-4446-AA72-6AEBA4B1AD0A}.Release|x64.ActiveCfg = Release|Any CPU
		{5AEFD2ED-49EB-4446-AA72-6AEBA4B1AD0A}.Release|x64.Build.0 = Release|Any CPU
		{5AEFD2ED-49EB-4446-AA72-6AEBA4B1AD0A}.Release|x86.ActiveCfg = Release|Any CPU
		{5AEFD2ED-49EB-4446-AA72-6AEBA4B1AD0A}.Release|x86.Build.0 = Release|Any CPU
		{1C7DF573-EB59-4898-884C-47B7092773E8}.Debug|Any CPU.ActiveCfg = Debug|Any CPU
		{1C7DF573-EB59-4898-884C-47B7092773E8}.Debug|Any CPU.Build.0 = Debug|Any CPU
		{1C7DF573-EB59-4898-884C-47B7092773E8}.Debug|x64.ActiveCfg = Debug|Any CPU
		{1C7DF573-EB59-4898-884C-47B7092773E8}.Debug|x64.Build.0 = Debug|Any CPU
		{1C7DF573-EB59-4898-884C-47B7092773E8}.Debug|x86.ActiveCfg = Debug|Any CPU
		{1C7DF573-EB59-4898-884C-47B7092773E8}.Debug|x86.Build.0 = Debug|Any CPU
		{1C7DF573-EB59-4898-884C-47B7092773E8}.Release|Any CPU.ActiveCfg = Release|Any CPU
		{1C7DF573-EB59-4898-884C-47B7092773E8}.Release|Any CPU.Build.0 = Release|Any CPU
		{1C7DF573-EB59-4898-884C-47B7092773E8}.Release|x64.ActiveCfg = Release|Any CPU
		{1C7DF573-EB59-4898-884C-47B7092773E8}.Release|x64.Build.0 = Release|Any CPU
		{1C7DF573-EB59-4898-884C-47B7092773E8}.Release|x86.ActiveCfg = Release|Any CPU
		{1C7DF573-EB59-4898-884C-47B7092773E8}.Release|x86.Build.0 = Release|Any CPU
		{89AB0D7A-608D-4E6E-9315-F673C14D03A0}.Debug|Any CPU.ActiveCfg = Debug|Any CPU
		{89AB0D7A-608D-4E6E-9315-F673C14D03A0}.Debug|Any CPU.Build.0 = Debug|Any CPU
		{89AB0D7A-608D-4E6E-9315-F673C14D03A0}.Debug|x64.ActiveCfg = Debug|Any CPU
		{89AB0D7A-608D-4E6E-9315-F673C14D03A0}.Debug|x64.Build.0 = Debug|Any CPU
		{89AB0D7A-608D-4E6E-9315-F673C14D03A0}.Debug|x86.ActiveCfg = Debug|Any CPU
		{89AB0D7A-608D-4E6E-9315-F673C14D03A0}.Debug|x86.Build.0 = Debug|Any CPU
		{89AB0D7A-608D-4E6E-9315-F673C14D03A0}.Release|Any CPU.ActiveCfg = Release|Any CPU
		{89AB0D7A-608D-4E6E-9315-F673C14D03A0}.Release|Any CPU.Build.0 = Release|Any CPU
		{89AB0D7A-608D-4E6E-9315-F673C14D03A0}.Release|x64.ActiveCfg = Release|Any CPU
		{89AB0D7A-608D-4E6E-9315-F673C14D03A0}.Release|x64.Build.0 = Release|Any CPU
		{89AB0D7A-608D-4E6E-9315-F673C14D03A0}.Release|x86.ActiveCfg = Release|Any CPU
		{89AB0D7A-608D-4E6E-9315-F673C14D03A0}.Release|x86.Build.0 = Release|Any CPU
	EndGlobalSection
	GlobalSection(SolutionProperties) = preSolution
		HideSolutionNode = FALSE
	EndGlobalSection
	GlobalSection(NestedProjects) = preSolution
		{EF178058-7006-4ED9-8268-912C3638A81C} = {2364C03F-7BCF-4E5A-9720-95991959E582}
		{99166CAE-99E9-4F34-A421-48C69C84CB4C} = {2364C03F-7BCF-4E5A-9720-95991959E582}
		{9D8B8D30-474D-4C8D-816E-A42B68C1CE09} = {2364C03F-7BCF-4E5A-9720-95991959E582}
		{5AEFD2ED-49EB-4446-AA72-6AEBA4B1AD0A} = {2364C03F-7BCF-4E5A-9720-95991959E582}
		{1C7DF573-EB59-4898-884C-47B7092773E8} = {91028100-D8E3-447A-B507-D9279940731C}
		{89AB0D7A-608D-4E6E-9315-F673C14D03A0} = {91028100-D8E3-447A-B507-D9279940731C}
	EndGlobalSection
	GlobalSection(ExtensibilityGlobals) = postSolution
		SolutionGuid = {9C5AE95E-71A9-4D06-A4E6-D49FDCCD27E1}
	EndGlobalSection
EndGlobal
